
Microsoft Visual Studio Solution File, Format Version 12.00
# Visual Studio 15
VisualStudioVersion = 15.0.28307.421
MinimumVisualStudioVersion = 10.0.40219.1
Project("{D2ABAB84-BF74-430A-B69E-9DC6D40DDA17}") = "NBA_PRA2_vicpari", "NBA_PRA2_vicpari\NBA_PRA2_vicpari.dwproj", "{5306414E-0C94-45EA-9A69-606E07452E99}"
EndProject
Global
	GlobalSection(SolutionConfigurationPlatforms) = preSolution
		Development|Default = Development|Default
	EndGlobalSection
	GlobalSection(ProjectConfigurationPlatforms) = postSolution
		{5306414E-0C94-45EA-9A69-606E07452E99}.Development|Default.ActiveCfg = Development
		{5306414E-0C94-45EA-9A69-606E07452E99}.Development|Default.Build.0 = Development
		{5306414E-0C94-45EA-9A69-606E07452E99}.Development|Default.Deploy.0 = Development
	EndGlobalSection
	GlobalSection(SolutionProperties) = preSolution
		HideSolutionNode = FALSE
	EndGlobalSection
	GlobalSection(ExtensibilityGlobals) = postSolution
		SolutionGuid = {89BD5712-183D-4289-8F27-65CA5C5A9BB1}
	EndGlobalSection
EndGlobal
